hash: ef8b207c856a17c957b26afb50be18949e11158e6c7213dd67307bcf1adf698f
updated: 2016-10-12T14:10:46.376183681+09:00
imports:
- name: github.com/sony/sonyflake
  version: fa881fb1052b152e977c41023052c2f2a1c475e9
testImports:
- name: github.com/davecgh/go-spew
  version: 6d212800a42e8ab5c146b8ace3490ee17e5225f9
  subpackages:
  - spew
- name: github.com/pmezard/go-difflib
  version: d8ed2627bdf02c080bf22230dbb337003b7aba2d
  subpackages:
  - difflib
- name: github.com/stretchr/testify
  version: 976c720a22c8eb4eb6a0b4348ad85ad12491a506
  subpackages:
  - assert
  - require
